// !$*UTF8*$!
{
	archiveVersion = 1;
	classes = {
	};
	objectVersion = 50;
	objects = {

/* Begin PBXBuildFile section */
		9D77CAF022162B18009AC841 /* WelcomeViewController.swift in Sources */ = {isa = PBXBuildFile; fileRef = 9D77CAEF22162B18009AC841 /* WelcomeViewController.swift */; };
		9DCA390C221665E90010CFCB /* ListViewCVCell.swift in Sources */ = {isa = PBXBuildFile; fileRef = 9DCA390B221665E90010CFCB /* ListViewCVCell.swift */; };
		9DCA390F221725680010CFCB /* SingleViewController.swift in Sources */ = {isa = PBXBuildFile; fileRef = 9DCA390E221725680010CFCB /* SingleViewController.swift */; };
		9DD235C6221A102200674B3C /* Extensions.swift in Sources */ = {isa = PBXBuildFile; fileRef = 9DD235C5221A102200674B3C /* Extensions.swift */; };
		9DD235C8221A28F900674B3C /* TitleAndPosterCell.swift in Sources */ = {isa = PBXBuildFile; fileRef = 9DD235C7221A28F900674B3C /* TitleAndPosterCell.swift */; };
		9DD235CA221A292600674B3C /* ErrorLoadingDataCell.swift in Sources */ = {isa = PBXBuildFile; fileRef = 9DD235C9221A292600674B3C /* ErrorLoadingDataCell.swift */; };
		9DD235CC221A5A3A00674B3C /* DetailsCell.swift in Sources */ = {isa = PBXBuildFile; fileRef = 9DD235CB221A5A3A00674B3C /* DetailsCell.swift */; };
		9DD235CE221A5A6000674B3C /* SummaryCell.swift in Sources */ = {isa = PBXBuildFile; fileRef = 9DD235CD221A5A6000674B3C /* SummaryCell.swift */; };
		9DD235D0221A7ECB00674B3C /* MovieDataHelpers.swift in Sources */ = {isa = PBXBuildFile; fileRef = 9DD235CF221A7ECB00674B3C /* MovieDataHelpers.swift */; };
		9DFD292B2213ED5E00D35B0D /* AppDelegate.swift in Sources */ = {isa = PBXBuildFile; fileRef = 9DFD292A2213ED5E00D35B0D /* AppDelegate.swift */; };
		9DFD292D2213ED5E00D35B0D /* ListViewController.swift in Sources */ = {isa = PBXBuildFile; fileRef = 9DFD292C2213ED5E00D35B0D /* ListViewController.swift */; };
		9DFD29302213ED5E00D35B0D /* Main.storyboard in Resources */ = {isa = PBXBuildFile; fileRef = 9DFD292E2213ED5E00D35B0D /* Main.storyboard */; };
		9DFD29322213ED6200D35B0D /* Assets.xcassets in Resources */ = {isa = PBXBuildFile; fileRef = 9DFD29312213ED6200D35B0D /* Assets.xcassets */; };
		9DFD29352213ED6200D35B0D /* LaunchScreen.storyboard in Resources */ = {isa = PBXBuildFile; fileRef = 9DFD29332213ED6200D35B0D /* LaunchScreen.storyboard */; };
		9DFD293D22149B4400D35B0D /* NetworkingClient.swift in Sources */ = {isa = PBXBuildFile; fileRef = 9DFD293C22149B4400D35B0D /* NetworkingClient.swift */; };
		9DFD293F2214A72800D35B0D /* JSONStructs.swift in Sources */ = {isa = PBXBuildFile; fileRef = 9DFD293E2214A72800D35B0D /* JSONStructs.swift */; };
		9DFD29412214BC1100D35B0D /* CustomImageView.swift in Sources */ = {isa = PBXBuildFile; fileRef = 9DFD29402214BC1100D35B0D /* CustomImageView.swift */; };
		9DFD294522153B1800D35B0D /* API_URLS.swift in Sources */ = {isa = PBXBuildFile; fileRef = 9DFD294422153B1800D35B0D /* API_URLS.swift */; };
/* End PBXBuildFile section */

/* Begin PBXFileReference section */
		9D77CAEF22162B18009AC841 /* WelcomeViewController.swift */ = {isa = PBXFileReference; lastKnownFileType = sourcecode.swift; path = WelcomeViewController.swift; sourceTree = "<group>"; };
		9DCA390B221665E90010CFCB /* ListViewCVCell.swift */ = {isa = PBXFileReference; lastKnownFileType = sourcecode.swift; path = ListViewCVCell.swift; sourceTree = "<group>"; };
		9DCA390E221725680010CFCB /* SingleViewController.swift */ = {isa = PBXFileReference; lastKnownFileType = sourcecode.swift; path = SingleViewController.swift; sourceTree = "<group>"; };
		9DD235C5221A102200674B3C /* Extensions.swift */ = {isa = PBXFileReference; lastKnownFileType = sourcecode.swift; path = Extensions.swift; sourceTree = "<group>"; };
		9DD235C7221A28F900674B3C /* TitleAndPosterCell.swift */ = {isa = PBXFileReference; lastKnownFileType = sourcecode.swift; path = TitleAndPosterCell.swift; sourceTree = "<group>"; };
		9DD235C9221A292600674B3C /* ErrorLoadingDataCell.swift */ = {isa = PBXFileReference; lastKnownFileType = sourcecode.swift; path = ErrorLoadingDataCell.swift; sourceTree = "<group>"; };
		9DD235CB221A5A3A00674B3C /* DetailsCell.swift */ = {isa = PBXFileReference; lastKnownFileType = sourcecode.swift; path = DetailsCell.swift; sourceTree = "<group>"; };
		9DD235CD221A5A6000674B3C /* SummaryCell.swift */ = {isa = PBXFileReference; lastKnownFileType = sourcecode.swift; path = SummaryCell.swift; sourceTree = "<group>"; };
		9DD235CF221A7ECB00674B3C /* MovieDataHelpers.swift */ = {isa = PBXFileReference; lastKnownFileType = sourcecode.swift; path = MovieDataHelpers.swift; sourceTree = "<group>"; };
		9DFD29272213ED5E00D35B0D /* The 10 - Peter.app */ = {isa = PBXFileReference; explicitFileType = wrapper.application; includeInIndex = 0; path = "The 10 - Peter.app"; sourceTree = BUILT_PRODUCTS_DIR; };
		9DFD292A2213ED5E00D35B0D /* AppDelegate.swift */ = {isa = PBXFileReference; lastKnownFileType = sourcecode.swift; path = AppDelegate.swift; sourceTree = "<group>"; };
		9DFD292C2213ED5E00D35B0D /* ListViewController.swift */ = {isa = PBXFileReference; lastKnownFileType = sourcecode.swift; path = ListViewController.swift; sourceTree = "<group>"; };
		9DFD292F2213ED5E00D35B0D /* Base */ = {isa = PBXFileReference; lastKnownFileType = file.storyboard; name = Base; path = Base.lproj/Main.storyboard; sourceTree = "<group>"; };
		9DFD29312213ED6200D35B0D /* Assets.xcassets */ = {isa = PBXFileReference; lastKnownFileType = folder.assetcatalog; path = Assets.xcassets; sourceTree = "<group>"; };
		9DFD29342213ED6200D35B0D /* Base */ = {isa = PBXFileReference; lastKnownFileType = file.storyboard; name = Base; path = Base.lproj/LaunchScreen.storyboard; sourceTree = "<group>"; };
		9DFD29362213ED6200D35B0D /* Info.plist */ = {isa = PBXFileReference; lastKnownFileType = text.plist.xml; path = Info.plist; sourceTree = "<group>"; };
		9DFD293C22149B4400D35B0D /* NetworkingClient.swift */ = {isa = PBXFileReference; lastKnownFileType = sourcecode.swift; path = NetworkingClient.swift; sourceTree = "<group>"; };
		9DFD293E2214A72800D35B0D /* JSONStructs.swift */ = {isa = PBXFileReference; lastKnownFileType = sourcecode.swift; path = JSONStructs.swift; sourceTree = "<group>"; };
		9DFD29402214BC1100D35B0D /* CustomImageView.swift */ = {isa = PBXFileReference; lastKnownFileType = sourcecode.swift; path = CustomImageView.swift; sourceTree = "<group>"; };
		9DFD294422153B1800D35B0D /* API_URLS.swift */ = {isa = PBXFileReference; lastKnownFileType = sourcecode.swift; path = API_URLS.swift; sourceTree = "<group>"; };
/* End PBXFileReference section */

/* Begin PBXFrameworksBuildPhase section */
		9DFD29242213ED5E00D35B0D /* Frameworks */ = {
			isa = PBXFrameworksBuildPhase;
			buildActionMask = 2147483647;
			files = (
			);
			runOnlyForDeploymentPostprocessing = 0;
		};
/* End PBXFrameworksBuildPhase section */

/* Begin PBXGroup section */
		9DCA3906221647AC0010CFCB /* Networking */ = {
			isa = PBXGroup;
			children = (
			);
			path = Networking;
			sourceTree = "<group>";
		};
		9DCA390D2217253A0010CFCB /* ViewControllers */ = {
			isa = PBXGroup;
			children = (
				9D77CAEF22162B18009AC841 /* WelcomeViewController.swift */,
				9DFD292C2213ED5E00D35B0D /* ListViewController.swift */,
				9DCA390E221725680010CFCB /* SingleViewController.swift */,
				9DCA3910221733D40010CFCB /* ListViewCVCells */,
				9DFC705222188D2E00B76993 /* SingleViewCVCells */,
			);
			path = ViewControllers;
			sourceTree = "<group>";
		};
		9DCA3910221733D40010CFCB /* ListViewCVCells */ = {
			isa = PBXGroup;
			children = (
				9DCA390B221665E90010CFCB /* ListViewCVCell.swift */,
			);
			path = ListViewCVCells;
			sourceTree = "<group>";
		};
		9DD235D1221A9BFE00674B3C /* Helpers */ = {
			isa = PBXGroup;
			children = (
				9DD235C5221A102200674B3C /* Extensions.swift */,
				9DFD29402214BC1100D35B0D /* CustomImageView.swift */,
				9DD235CF221A7ECB00674B3C /* MovieDataHelpers.swift */,
			);
			path = Helpers;
			sourceTree = "<group>";
		};
		9DFC705222188D2E00B76993 /* SingleViewCVCells */ = {
			isa = PBXGroup;
			children = (
				9DD235C7221A28F900674B3C /* TitleAndPosterCell.swift */,
				9DD235CB221A5A3A00674B3C /* DetailsCell.swift */,
				9DD235CD221A5A6000674B3C /* SummaryCell.swift */,
				9DD235C9221A292600674B3C /* ErrorLoadingDataCell.swift */,
			);
			path = SingleViewCVCells;
			sourceTree = "<group>";
		};
		9DFD291E2213ED5E00D35B0D = {
			isa = PBXGroup;
			children = (
				9DFD29292213ED5E00D35B0D /* The 10 - Peter */,
				9DFD29282213ED5E00D35B0D /* Products */,
			);
			sourceTree = "<group>";
		};
		9DFD29282213ED5E00D35B0D /* Products */ = {
			isa = PBXGroup;
			children = (
				9DFD29272213ED5E00D35B0D /* The 10 - Peter.app */,
			);
			name = Products;
			sourceTree = "<group>";
		};
		9DFD29292213ED5E00D35B0D /* The 10 - Peter */ = {
			isa = PBXGroup;
			children = (
				9DFD292E2213ED5E00D35B0D /* Main.storyboard */,
				9DD235D1221A9BFE00674B3C /* Helpers */,
				9DFD292A2213ED5E00D35B0D /* AppDelegate.swift */,
				9DFD294422153B1800D35B0D /* API_URLS.swift */,
				9DFD293E2214A72800D35B0D /* JSONStructs.swift */,
				9DFD293C22149B4400D35B0D /* NetworkingClient.swift */,
				9DCA390D2217253A0010CFCB /* ViewControllers */,
				9DCA3906221647AC0010CFCB /* Networking */,
				9DFD29312213ED6200D35B0D /* Assets.xcassets */,
				9DFD29332213ED6200D35B0D /* LaunchScreen.storyboard */,
				9DFD29362213ED6200D35B0D /* Info.plist */,
			);
			path = "The 10 - Peter";
			sourceTree = "<group>";
		};
/* End PBXGroup section */

/* Begin PBXNativeTarget section */
		9DFD29262213ED5E00D35B0D /* The 10 - Peter */ = {
			isa = PBXNativeTarget;
			buildConfigurationList = 9DFD29392213ED6200D35B0D /* Build configuration list for PBXNativeTarget "The 10 - Peter" */;
			buildPhases = (
				9DFD29232213ED5E00D35B0D /* Sources */,
				9DFD29242213ED5E00D35B0D /* Frameworks */,
				9DFD29252213ED5E00D35B0D /* Resources */,
			);
			buildRules = (
			);
			dependencies = (
			);
			name = "The 10 - Peter";
			productName = "The 10 - Peter";
			productReference = 9DFD29272213ED5E00D35B0D /* The 10 - Peter.app */;
			productType = "com.apple.product-type.application";
		};
/* End PBXNativeTarget section */

/* Begin PBXProject section */
		9DFD291F2213ED5E00D35B0D /* Project object */ = {
			isa = PBXProject;
			attributes = {
				LastSwiftUpdateCheck = 1010;
				LastUpgradeCheck = 1010;
				ORGANIZATIONNAME = "Peter Irving";
				TargetAttributes = {
					9DFD29262213ED5E00D35B0D = {
						CreatedOnToolsVersion = 10.1;
					};
				};
			};
			buildConfigurationList = 9DFD29222213ED5E00D35B0D /* Build configuration list for PBXProject "The 10 - Peter" */;
			compatibilityVersion = "Xcode 9.3";
			developmentRegion = en;
			hasScannedForEncodings = 0;
			knownRegions = (
				en,
				Base,
			);
			mainGroup = 9DFD291E2213ED5E00D35B0D;
			productRefGroup = 9DFD29282213ED5E00D35B0D /* Products */;
			projectDirPath = "";
			projectRoot = "";
			targets = (
				9DFD29262213ED5E00D35B0D /* The 10 - Peter */,
			);
		};
/* End PBXProject section */

/* Begin PBXResourcesBuildPhase section */
		9DFD29252213ED5E00D35B0D /* Resources */ = {
			isa = PBXResourcesBuildPhase;
			buildActionMask = 2147483647;
			files = (
				9DFD29352213ED6200D35B0D /* LaunchScreen.storyboard in Resources */,
				9DFD29322213ED6200D35B0D /* Assets.xcassets in Resources */,
				9DFD29302213ED5E00D35B0D /* Main.storyboard in Resources */,
			);
			runOnlyForDeploymentPostprocessing = 0;
		};
/* End PBXResourcesBuildPhase section */

/* Begin PBXSourcesBuildPhase section */
		9DFD29232213ED5E00D35B0D /* Sources */ = {
			isa = PBXSourcesBuildPhase;
			buildActionMask = 2147483647;
			files = (
				9DFD294522153B1800D35B0D /* API_URLS.swift in Sources */,
				9DFD292D2213ED5E00D35B0D /* ListViewController.swift in Sources */,
				9DD235CE221A5A6000674B3C /* SummaryCell.swift in Sources */,
				9DD235CC221A5A3A00674B3C /* DetailsCell.swift in Sources */,
				9DFD292B2213ED5E00D35B0D /* AppDelegate.swift in Sources */,
				9DD235CA221A292600674B3C /* ErrorLoadingDataCell.swift in Sources */,
				9DFD293F2214A72800D35B0D /* JSONStructs.swift in Sources */,
				9DFD293D22149B4400D35B0D /* NetworkingClient.swift in Sources */,
				9DCA390F221725680010CFCB /* SingleViewController.swift in Sources */,
				9DD235C6221A102200674B3C /* Extensions.swift in Sources */,
				9DCA390C221665E90010CFCB /* ListViewCVCell.swift in Sources */,
				9DFD29412214BC1100D35B0D /* CustomImageView.swift in Sources */,
				9DD235C8221A28F900674B3C /* TitleAndPosterCell.swift in Sources */,
				9DD235D0221A7ECB00674B3C /* MovieDataHelpers.swift in Sources */,
				9D77CAF022162B18009AC841 /* WelcomeViewController.swift in Sources */,
			);
			runOnlyForDeploymentPostprocessing = 0;
		};
/* End PBXSourcesBuildPhase section */

/* Begin PBXVariantGroup section */
		9DFD292E2213ED5E00D35B0D /* Main.storyboard */ = {
			isa = PBXVariantGroup;
			children = (
				9DFD292F2213ED5E00D35B0D /* Base */,
			);
			name = Main.storyboard;
			sourceTree = "<group>";
		};
		9DFD29332213ED6200D35B0D /* LaunchScreen.storyboard */ = {
			isa = PBXVariantGroup;
			children = (
				9DFD29342213ED6200D35B0D /* Base */,
			);
			name = LaunchScreen.storyboard;
			sourceTree = "<group>";
		};
/* End PBXVariantGroup section */

/* Begin XCBuildConfiguration section */
		9DFD29372213ED6200D35B0D /* Debug */ = {
			isa = XCBuildConfiguration;
			buildSettings = {
				ALWAYS_SEARCH_USER_PATHS = NO;
				CLANG_ANALYZER_NONNULL = YES;
				CLANG_ANALYZER_NUMBER_OBJECT_CONVERSION = YES_AGGRESSIVE;
				CLANG_CXX_LANGUAGE_STANDARD = "gnu++14";
				CLANG_CXX_LIBRARY = "libc++";
				CLANG_ENABLE_MODULES = YES;
				CLANG_ENABLE_OBJC_ARC = YES;
				CLANG_ENABLE_OBJC_WEAK = YES;
				CLANG_WARN_BLOCK_CAPTURE_AUTORELEASING = YES;
				CLANG_WARN_BOOL_CONVERSION = YES;
				CLANG_WARN_COMMA = YES;
				CLANG_WARN_CONSTANT_CONVERSION = YES;
				CLANG_WARN_DEPRECATED_OBJC_IMPLEMENTATIONS = YES;
				CLANG_WARN_DIRECT_OBJC_ISA_USAGE = YES_ERROR;
				CLANG_WARN_DOCUMENTATION_COMMENTS = YES;
				CLANG_WARN_EMPTY_BODY = YES;
				CLANG_WARN_ENUM_CONVERSION = YES;
				CLANG_WARN_INFINITE_RECURSION = YES;
				CLANG_WARN_INT_CONVERSION = YES;
				CLANG_WARN_NON_LITERAL_NULL_CONVERSION = YES;
				CLANG_WARN_OBJC_IMPLICIT_RETAIN_SELF = YES;
				CLANG_WARN_OBJC_LITERAL_CONVERSION = YES;
				CLANG_WARN_OBJC_ROOT_CLASS = YES_ERROR;
				CLANG_WARN_RANGE_LOOP_ANALYSIS = YES;
				CLANG_WARN_STRICT_PROTOTYPES = YES;
				CLANG_WARN_SUSPICIOUS_MOVE = YES;
				CLANG_WARN_UNGUARDED_AVAILABILITY = YES_AGGRESSIVE;
				CLANG_WARN_UNREACHABLE_CODE = YES;
				CLANG_WARN__DUPLICATE_METHOD_MATCH = YES;
				CODE_SIGN_IDENTITY = "iPhone Developer";
				COPY_PHASE_STRIP = NO;
				DEBUG_INFORMATION_FORMAT = dwarf;
				ENABLE_STRICT_OBJC_MSGSEND = YES;
				ENABLE_TESTABILITY = YES;
				GCC_C_LANGUAGE_STANDARD = gnu11;
				GCC_DYNAMIC_NO_PIC = NO;
				GCC_NO_COMMON_BLOCKS = YES;
				GCC_OPTIMIZATION_LEVEL = 0;
				GCC_PREPROCESSOR_DEFINITIONS = (
					"DEBUG=1",
					"$(inherited)",
				);
				GCC_WARN_64_TO_32_BIT_CONVERSION = YES;
				GCC_WARN_ABOUT_RETURN_TYPE = YES_ERROR;
				GCC_WARN_UNDECLARED_SELECTOR = YES;
				GCC_WARN_UNINITIALIZED_AUTOS = YES_AGGRESSIVE;
				GCC_WARN_UNUSED_FUNCTION = YES;
				GCC_WARN_UNUSED_VARIABLE = YES;
				IPHONEOS_DEPLOYMENT_TARGET = 12.1;
				MTL_ENABLE_DEBUG_INFO = INCLUDE_SOURCE;
				MTL_FAST_MATH = YES;
				ONLY_ACTIVE_ARCH = YES;
				SDKROOT = iphoneos;
				SWIFT_ACTIVE_COMPILATION_CONDITIONS = DEBUG;
				SWIFT_OPTIMIZATION_LEVEL = "-Onone";
			};
			name = Debug;
		};
		9DFD29382213ED6200D35B0D /* Release */ = {
			isa = XCBuildConfiguration;
			buildSettings = {
				ALWAYS_SEARCH_USER_PATHS = NO;
				CLANG_ANALYZER_NONNULL = YES;
				CLANG_ANALYZER_NUMBER_OBJECT_CONVERSION = YES_AGGRESSIVE;
				CLANG_CXX_LANGUAGE_STANDARD = "gnu++14";
				CLANG_CXX_LIBRARY = "libc++";
				CLANG_ENABLE_MODULES = YES;
				CLANG_ENABLE_OBJC_ARC = YES;
				CLANG_ENABLE_OBJC_WEAK = YES;
				CLANG_WARN_BLOCK_CAPTURE_AUTORELEASING = YES;
				CLANG_WARN_BOOL_CONVERSION = YES;
				CLANG_WARN_COMMA = YES;
				CLANG_WARN_CONSTANT_CONVERSION = YES;
				CLANG_WARN_DEPRECATED_OBJC_IMPLEMENTATIONS = YES;
				CLANG_WARN_DIRECT_OBJC_ISA_USAGE = YES_ERROR;
				CLANG_WARN_DOCUMENTATION_COMMENTS = YES;
				CLANG_WARN_EMPTY_BODY = YES;
				CLANG_WARN_ENUM_CONVERSION = YES;
				CLANG_WARN_INFINITE_RECURSION = YES;
				CLANG_WARN_INT_CONVERSION = YES;
				CLANG_WARN_NON_LITERAL_NULL_CONVERSION = YES;
				CLANG_WARN_OBJC_IMPLICIT_RETAIN_SELF = YES;
				CLANG_WARN_OBJC_LITERAL_CONVERSION = YES;
				CLANG_WARN_OBJC_ROOT_CLASS = YES_ERROR;
				CLANG_WARN_RANGE_LOOP_ANALYSIS = YES;
				CLANG_WARN_STRICT_PROTOTYPES = YES;
				CLANG_WARN_SUSPICIOUS_MOVE = YES;
				CLANG_WARN_UNGUARDED_AVAILABILITY = YES_AGGRESSIVE;
				CLANG_WARN_UNREACHABLE_CODE = YES;
				CLANG_WARN__DUPLICATE_METHOD_MATCH = YES;
				CODE_SIGN_IDENTITY = "iPhone Developer";
				COPY_PHASE_STRIP = NO;
				DEBUG_INFORMATION_FORMAT = "dwarf-with-dsym";
				ENABLE_NS_ASSERTIONS = NO;
				ENABLE_STRICT_OBJC_MSGSEND = YES;
				GCC_C_LANGUAGE_STANDARD = gnu11;
				GCC_NO_COMMON_BLOCKS = YES;
				GCC_WARN_64_TO_32_BIT_CONVERSION = YES;
				GCC_WARN_ABOUT_RETURN_TYPE = YES_ERROR;
				GCC_WARN_UNDECLARED_SELECTOR = YES;
				GCC_WARN_UNINITIALIZED_AUTOS = YES_AGGRESSIVE;
				GCC_WARN_UNUSED_FUNCTION = YES;
				GCC_WARN_UNUSED_VARIABLE = YES;
				IPHONEOS_DEPLOYMENT_TARGET = 12.1;
				MTL_ENABLE_DEBUG_INFO = NO;
				MTL_FAST_MATH = YES;
				SDKROOT = iphoneos;
				SWIFT_COMPILATION_MODE = wholemodule;
				SWIFT_OPTIMIZATION_LEVEL = "-O";
				VALIDATE_PRODUCT = YES;
			};
			name = Release;
		};
		9DFD293A2213ED6200D35B0D /* Debug */ = {
			isa = XCBuildConfiguration;
			buildSettings = {
				ASSETCATALOG_COMPILER_APPICON_NAME = AppIcon;
				CODE_SIGN_STYLE = Automatic;
				DEVELOPMENT_TEAM = 8D5XPQFN4B;
				INFOPLIST_FILE = "The 10 - Peter/Info.plist";
				LD_RUNPATH_SEARCH_PATHS = (
					"$(inherited)",
					"@executable_path/Frameworks",
				);
				PRODUCT_BUNDLE_IDENTIFIER = "com.peterirving.The-10---Peter";
				PRODUCT_NAME = "$(TARGET_NAME)";
				SWIFT_VERSION = 4.2;
				TARGETED_DEVICE_FAMILY = "1,2";
			};
			name = Debug;
		};
		9DFD293B2213ED6200D35B0D /* Release */ = {
			isa = XCBuildConfiguration;
			buildSettings = {
				ASSETCATALOG_COMPILER_APPICON_NAME = AppIcon;
				CODE_SIGN_STYLE = Automatic;
				DEVELOPMENT_TEAM = 8D5XPQFN4B;
				INFOPLIST_FILE = "The 10 - Peter/Info.plist";
				LD_RUNPATH_SEARCH_PATHS = (
					"$(inherited)",
					"@executable_path/Frameworks",
				);
				PRODUCT_BUNDLE_IDENTIFIER = "com.peterirving.The-10---Peter";
				PRODUCT_NAME = "$(TARGET_NAME)";
				SWIFT_VERSION = 4.2;
				TARGETED_DEVICE_FAMILY = "1,2";
			};
			name = Release;
		};
/* End XCBuildConfiguration section */

/* Begin XCConfigurationList section */
		9DFD29222213ED5E00D35B0D /* Build configuration list for PBXProject "The 10 - Peter" */ = {
			isa = XCConfigurationList;
			buildConfigurations = (
				9DFD29372213ED6200D35B0D /* Debug */,
				9DFD29382213ED6200D35B0D /* Release */,
			);
			defaultConfigurationIsVisible = 0;
			defaultConfigurationName = Release;
		};
		9DFD29392213ED6200D35B0D /* Build configuration list for PBXNativeTarget "The 10 - Peter" */ = {
			isa = XCConfigurationList;
			buildConfigurations = (
				9DFD293A2213ED6200D35B0D /* Debug */,
				9DFD293B2213ED6200D35B0D /* Release */,
			);
			defaultConfigurationIsVisible = 0;
			defaultConfigurationName = Release;
		};
/* End XCConfigurationList section */
	};
	rootObject = 9DFD291F2213ED5E00D35B0D /* Project object */;
}
